// !$*UTF8*$!
{
	archiveVersion = 1;
	classes = {
	};
	objectVersion = 46;
	objects = {

/* Begin PBXBuildFile section */
		12F469B68637316F6A22FD23 /* Pods_WJAccordionView.framework in Frameworks */ = {isa = PBXBuildFile; fileRef = 13544A47D9E431F575E9AA2F /* Pods_WJAccordionView.framework */; };
		E3915D0E1D3CB92100828328 /* Images.xcassets in Resources */ = {isa = PBXBuildFile; fileRef = E3915D0D1D3CB92100828328 /* Images.xcassets */; };
		E3D69C411D360EE70015B141 /* AppDelegate.swift in Sources */ = {isa = PBXBuildFile; fileRef = E3D69C401D360EE70015B141 /* AppDelegate.swift */; };
		E3D69C431D360EE70015B141 /* ViewController.swift in Sources */ = {isa = PBXBuildFile; fileRef = E3D69C421D360EE70015B141 /* ViewController.swift */; };
		E3D69C461D360EE70015B141 /* Main.storyboard in Resources */ = {isa = PBXBuildFile; fileRef = E3D69C441D360EE70015B141 /* Main.storyboard */; };
		E3D69C481D360EE70015B141 /* Assets.xcassets in Resources */ = {isa = PBXBuildFile; fileRef = E3D69C471D360EE70015B141 /* Assets.xcassets */; };
		E3D69C4B1D360EE70015B141 /* LaunchScreen.storyboard in Resources */ = {isa = PBXBuildFile; fileRef = E3D69C491D360EE70015B141 /* LaunchScreen.storyboard */; };
		E3D69C541D360F270015B141 /* WJAccordionView.swift in Sources */ = {isa = PBXBuildFile; fileRef = E3D69C531D360F270015B141 /* WJAccordionView.swift */; };
		E3D69C561D3611470015B141 /* WJAccordionItemView.swift in Sources */ = {isa = PBXBuildFile; fileRef = E3D69C551D3611470015B141 /* WJAccordionItemView.swift */; };
/* End PBXBuildFile section */

/* Begin PBXFileReference section */
		13544A47D9E431F575E9AA2F /* Pods_WJAccordionView.framework */ = {isa = PBXFileReference; explicitFileType = wrapper.framework; includeInIndex = 0; path = Pods_WJAccordionView.framework; sourceTree = BUILT_PRODUCTS_DIR; };
		4072E30749AE2FD4E400A916 /* Pods-WJAccordionView.debug.xcconfig */ = {isa = PBXFileReference; includeInIndex = 1; lastKnownFileType = text.xcconfig; name = "Pods-WJAccordionView.debug.xcconfig"; path = "Pods/Target Support Files/Pods-WJAccordionView/Pods-WJAccordionView.debug.xcconfig"; sourceTree = "<group>"; };
		47E443CF7E40718A9C8B7DDD /* Pods-WJAccordionView.release.xcconfig */ = {isa = PBXFileReference; includeInIndex = 1; lastKnownFileType = text.xcconfig; name = "Pods-WJAccordionView.release.xcconfig"; path = "Pods/Target Support Files/Pods-WJAccordionView/Pods-WJAccordionView.release.xcconfig"; sourceTree = "<group>"; };
		E3915D0D1D3CB92100828328 /* Images.xcassets */ = {isa = PBXFileReference; lastKnownFileType = folder.assetcatalog; path = Images.xcassets; sourceTree = "<group>"; };
		E3D69C3D1D360EE70015B141 /* WJAccordionView.app */ = {isa = PBXFileReference; explicitFileType = wrapper.application; includeInIndex = 0; path = WJAccordionView.app; sourceTree = BUILT_PRODUCTS_DIR; };
		E3D69C401D360EE70015B141 /* AppDelegate.swift */ = {isa = PBXFileReference; lastKnownFileType = sourcecode.swift; path = AppDelegate.swift; sourceTree = "<group>"; };
		E3D69C421D360EE70015B141 /* ViewController.swift */ = {isa = PBXFileReference; lastKnownFileType = sourcecode.swift; path = ViewController.swift; sourceTree = "<group>"; };
		E3D69C451D360EE70015B141 /* Base */ = {isa = PBXFileReference; lastKnownFileType = file.storyboard; name = Base; path = Base.lproj/Main.storyboard; sourceTree = "<group>"; };
		E3D69C471D360EE70015B141 /* Assets.xcassets */ = {isa = PBXFileReference; lastKnownFileType = folder.assetcatalog; path = Assets.xcassets; sourceTree = "<group>"; };
		E3D69C4A1D360EE70015B141 /* Base */ = {isa = PBXFileReference; lastKnownFileType = file.storyboard; name = Base; path = Base.lproj/LaunchScreen.storyboard; sourceTree = "<group>"; };
		E3D69C4C1D360EE70015B141 /* Info.plist */ = {isa = PBXFileReference; lastKnownFileType = text.plist.xml; path = Info.plist; sourceTree = "<group>"; };
		E3D69C531D360F270015B141 /* WJAccordionView.swift */ = {isa = PBXFileReference; fileEncoding = 4; lastKnownFileType = sourcecode.swift; path = WJAccordionView.swift; sourceTree = "<group>"; };
		E3D69C551D3611470015B141 /* WJAccordionItemView.swift */ = {isa = PBXFileReference; fileEncoding = 4; lastKnownFileType = sourcecode.swift; path = WJAccordionItemView.swift; sourceTree = "<group>"; };
/* End PBXFileReference section */

/* Begin PBXFrameworksBuildPhase section */
		E3D69C3A1D360EE70015B141 /* Frameworks */ = {
			isa = PBXFrameworksBuildPhase;
			buildActionMask = 2147483647;
			files = (
				12F469B68637316F6A22FD23 /* Pods_WJAccordionView.framework in Frameworks */,
			);
			runOnlyForDeploymentPostprocessing = 0;
		};
/* End PBXFrameworksBuildPhase section */

/* Begin PBXGroup section */
		B3FE9A9323FFE168D9E45F1D /* Frameworks */ = {
			isa = PBXGroup;
			children = (
				13544A47D9E431F575E9AA2F /* Pods_WJAccordionView.framework */,
			);
			name = Frameworks;
			sourceTree = "<group>";
		};
		B4D064DA7E66DE35489D192F /* Pods */ = {
			isa = PBXGroup;
			children = (
				4072E30749AE2FD4E400A916 /* Pods-WJAccordionView.debug.xcconfig */,
				47E443CF7E40718A9C8B7DDD /* Pods-WJAccordionView.release.xcconfig */,
			);
			name = Pods;
			sourceTree = "<group>";
		};
		E3D69C341D360EE70015B141 = {
			isa = PBXGroup;
			children = (
				E3D69C3F1D360EE70015B141 /* WJAccordionView */,
				E3D69C3E1D360EE70015B141 /* Products */,
				B4D064DA7E66DE35489D192F /* Pods */,
				B3FE9A9323FFE168D9E45F1D /* Frameworks */,
			);
			sourceTree = "<group>";
		};
		E3D69C3E1D360EE70015B141 /* Products */ = {
			isa = PBXGroup;
			children = (
				E3D69C3D1D360EE70015B141 /* WJAccordionView.app */,
			);
			name = Products;
			sourceTree = "<group>";
		};
		E3D69C3F1D360EE70015B141 /* WJAccordionView */ = {
			isa = PBXGroup;
			children = (
				E3D69C521D360F0E0015B141 /* WJAccordionView */,
				E3D69C401D360EE70015B141 /* AppDelegate.swift */,
				E3D69C421D360EE70015B141 /* ViewController.swift */,
				E3D69C441D360EE70015B141 /* Main.storyboard */,
				E3D69C471D360EE70015B141 /* Assets.xcassets */,
				E3D69C491D360EE70015B141 /* LaunchScreen.storyboard */,
				E3D69C4C1D360EE70015B141 /* Info.plist */,
			);
			path = WJAccordionView;
			sourceTree = "<group>";
		};
		E3D69C521D360F0E0015B141 /* WJAccordionView */ = {
			isa = PBXGroup;
			children = (
				E3D69C531D360F270015B141 /* WJAccordionView.swift */,
				E3D69C551D3611470015B141 /* WJAccordionItemView.swift */,
				E3915D0D1D3CB92100828328 /* Images.xcassets */,
			);
			path = WJAccordionView;
			sourceTree = "<group>";
		};
/* End PBXGroup section */

/* Begin PBXNativeTarget section */
		E3D69C3C1D360EE70015B141 /* WJAccordionView */ = {
			isa = PBXNativeTarget;
			buildConfigurationList = E3D69C4F1D360EE70015B141 /* Build configuration list for PBXNativeTarget "WJAccordionView" */;
			buildPhases = (
				592B7A01FECE8469976840BF /* Check Pods Manifest.lock */,
				E3D69C391D360EE70015B141 /* Sources */,
				E3D69C3A1D360EE70015B141 /* Frameworks */,
				E3D69C3B1D360EE70015B141 /* Resources */,
				69DE426E7507F36CC8A35975 /* Embed Pods Frameworks */,
				2800A639138114400FD14A8E /* Copy Pods Resources */,
			);
			buildRules = (
			);
			dependencies = (
			);
			name = WJAccordionView;
			productName = WJAccordionView;
			productReference = E3D69C3D1D360EE70015B141 /* WJAccordionView.app */;
			productType = "com.apple.product-type.application";
		};
/* End PBXNativeTarget section */

/* Begin PBXProject section */
		E3D69C351D360EE70015B141 /* Project object */ = {
			isa = PBXProject;
			attributes = {
				LastSwiftUpdateCheck = 0730;
				LastUpgradeCheck = 0730;
				ORGANIZATIONNAME = willyjansen;
				TargetAttributes = {
					E3D69C3C1D360EE70015B141 = {
						CreatedOnToolsVersion = 7.3.1;
					};
				};
			};
			buildConfigurationList = E3D69C381D360EE70015B141 /* Build configuration list for PBXProject "WJAccordionView" */;
			compatibilityVersion = "Xcode 3.2";
			developmentRegion = English;
			hasScannedForEncodings = 0;
			knownRegions = (
				en,
				Base,
			);
			mainGroup = E3D69C341D360EE70015B141;
			productRefGroup = E3D69C3E1D360EE70015B141 /* Products */;
			projectDirPath = "";
			projectRoot = "";
			targets = (
				E3D69C3C1D360EE70015B141 /* WJAccordionView */,
			);
		};
/* End PBXProject section */

/* Begin PBXResourcesBuildPhase section */
		E3D69C3B1D360EE70015B141 /* Resources */ = {
			isa = PBXResourcesBuildPhase;
			buildActionMask = 2147483647;
			files = (
				E3D69C4B1D360EE70015B141 /* LaunchScreen.storyboard in Resources */,
				E3915D0E1D3CB92100828328 /* Images.xcassets in Resources */,
				E3D69C481D360EE70015B141 /* Assets.xcassets in Resources */,
				E3D69C461D360EE70015B141 /* Main.storyboard in Resources */,
			);
			runOnlyForDeploymentPostprocessing = 0;
		};
/* End PBXResourcesBuildPhase section */

/* Begin PBXShellScriptBuildPhase section */
		2800A639138114400FD14A8E /* Copy Pods Resources */ = {
			isa = PBXShellScriptBuildPhase;
			buildActionMask = 2147483647;
			files = (
			);
			inputPaths = (
			);
			name = "Copy Pods Resources";
			outputPaths = (
			);
			runOnlyForDeploymentPostprocessing = 0;
			shellPath = /bin/sh;
			shellScript = "\"${SRCROOT}/Pods/Target Support Files/Pods-WJAccordionView/Pods-WJAccordionView-resources.sh\"\n";
			showEnvVarsInLog = 0;
		};
		592B7A01FECE8469976840BF /* Check Pods Manifest.lock */ = {
			isa = PBXShellScriptBuildPhase;
			buildActionMask = 2147483647;
			files = (
			);
			inputPaths = (
			);
			name = "Check Pods Manifest.lock";
			outputPaths = (
			);
			runOnlyForDeploymentPostprocessing = 0;
			shellPath = /bin/sh;
			shellScript = "diff \"${PODS_ROOT}/../Podfile.lock\" \"${PODS_ROOT}/Manifest.lock\" > /dev/null\nif [[ $? != 0 ]] ; then\n    cat << EOM\nerror: The sandbox is not in sync with the Podfile.lock. Run 'pod install' or update your CocoaPods installation.\nEOM\n    exit 1\nfi\n";
			showEnvVarsInLog = 0;
		};
		69DE426E7507F36CC8A35975 /* Embed Pods Frameworks */ = {
			isa = PBXShellScriptBuildPhase;
			buildActionMask = 2147483647;
			files = (
			);
			inputPaths = (
			);
			name = "Embed Pods Frameworks";
			outputPaths = (
			);
			runOnlyForDeploymentPostprocessing = 0;
			shellPath = /bin/sh;
			shellScript = "\"${SRCROOT}/Pods/Target Support Files/Pods-WJAccordionView/Pods-WJAccordionView-frameworks.sh\"\n";
			showEnvVarsInLog = 0;
		};
/* End PBXShellScriptBuildPhase section */

/* Begin PBXSourcesBuildPhase section */
		E3D69C391D360EE70015B141 /* Sources */ = {
			isa = PBXSourcesBuildPhase;
			buildActionMask = 2147483647;
			files = (
				E3D69C431D360EE70015B141 /* ViewController.swift in Sources */,
				E3D69C561D3611470015B141 /* WJAccordionItemView.swift in Sources */,
				E3D69C411D360EE70015B141 /* AppDelegate.swift in Sources */,
				E3D69C541D360F270015B141 /* WJAccordionView.swift in Sources */,
			);
			runOnlyForDeploymentPostprocessing = 0;
		};
/* End PBXSourcesBuildPhase section */

/* Begin PBXVariantGroup section */
		E3D69C441D360EE70015B141 /* Main.storyboard */ = {
			isa = PBXVariantGroup;
			children = (
				E3D69C451D360EE70015B141 /* Base */,
			);
			name = Main.storyboard;
			sourceTree = "<group>";
		};
		E3D69C491D360EE70015B141 /* LaunchScreen.storyboard */ = {
			isa = PBXVariantGroup;
			children = (
				E3D69C4A1D360EE70015B141 /* Base */,
			);
			name = LaunchScreen.storyboard;
			sourceTree = "<group>";
		};
/* End PBXVariantGroup section */

/* Begin XCBuildConfiguration section */
		E3D69C4D1D360EE70015B141 /* Debug */ = {
			isa = XCBuildConfiguration;
			buildSettings = {
				ALWAYS_SEARCH_USER_PATHS = NO;
				CLANG_ANALYZER_NONNULL = YES;
				CLANG_CXX_LANGUAGE_STANDARD = "gnu++0x";
				CLANG_CXX_LIBRARY = "libc++";
				CLANG_ENABLE_MODULES = YES;
				CLANG_ENABLE_OBJC_ARC = YES;
				CLANG_WARN_BOOL_CONVERSION = YES;
				CLANG_WARN_CONSTANT_CONVERSION = YES;
				CLANG_WARN_DIRECT_OBJC_ISA_USAGE = YES_ERROR;
				CLANG_WARN_EMPTY_BODY = YES;
				CLANG_WARN_ENUM_CONVERSION = YES;
				CLANG_WARN_INT_CONVERSION = YES;
				CLANG_WARN_OBJC_ROOT_CLASS = YES_ERROR;
				CLANG_WARN_UNREACHABLE_CODE = YES;
				CLANG_WARN__DUPLICATE_METHOD_MATCH = YES;
				"CODE_SIGN_IDENTITY[sdk=iphoneos*]" = "iPhone Developer";
				COPY_PHASE_STRIP = NO;
				DEBUG_INFORMATION_FORMAT = dwarf;
				ENABLE_STRICT_OBJC_MSGSEND = YES;
				ENABLE_TESTABILITY = YES;
				GCC_C_LANGUAGE_STANDARD = gnu99;
				GCC_DYNAMIC_NO_PIC = NO;
				GCC_NO_COMMON_BLOCKS = YES;
				GCC_OPTIMIZATION_LEVEL = 0;
				GCC_PREPROCESSOR_DEFINITIONS = (
					"DEBUG=1",
					"$(inherited)",
				);
				GCC_WARN_64_TO_32_BIT_CONVERSION = YES;
				GCC_WARN_ABOUT_RETURN_TYPE = YES_ERROR;
				GCC_WARN_UNDECLARED_SELECTOR = YES;
				GCC_WARN_UNINITIALIZED_AUTOS = YES_AGGRESSIVE;
				GCC_WARN_UNUSED_FUNCTION = YES;
				GCC_WARN_UNUSED_VARIABLE = YES;
				IPHONEOS_DEPLOYMENT_TARGET = 9.3;
				MTL_ENABLE_DEBUG_INFO = YES;
				ONLY_ACTIVE_ARCH = YES;
				SDKROOT = iphoneos;
				SWIFT_OPTIMIZATION_LEVEL = "-Onone";
				TARGETED_DEVICE_FAMILY = "1,2";
			};
			name = Debug;
		};
		E3D69C4E1D360EE70015B141 /* Release */ = {
			isa = XCBuildConfiguration;
			buildSettings = {
				ALWAYS_SEARCH_USER_PATHS = NO;
				CLANG_ANALYZER_NONNULL = YES;
				CLANG_CXX_LANGUAGE_STANDARD = "gnu++0x";
				CLANG_CXX_LIBRARY = "libc++";
				CLANG_ENABLE_MODULES = YES;
				CLANG_ENABLE_OBJC_ARC = YES;
				CLANG_WARN_BOOL_CONVERSION = YES;
				CLANG_WARN_CONSTANT_CONVERSION = YES;
				CLANG_WARN_DIRECT_OBJC_ISA_USAGE = YES_ERROR;
				CLANG_WARN_EMPTY_BODY = YES;
				CLANG_WARN_ENUM_CONVERSION = YES;
				CLANG_WARN_INT_CONVERSION = YES;
				CLANG_WARN_OBJC_ROOT_CLASS = YES_ERROR;
				CLANG_WARN_UNREACHABLE_CODE = YES;
				CLANG_WARN__DUPLICATE_METHOD_MATCH = YES;
				"CODE_SIGN_IDENTITY[sdk=iphoneos*]" = "iPhone Developer";
				COPY_PHASE_STRIP = NO;
				DEBUG_INFORMATION_FORMAT = "dwarf-with-dsym";
				ENABLE_NS_ASSERTIONS = NO;
				ENABLE_STRICT_OBJC_MSGSEND = YES;
				GCC_C_LANGUAGE_STANDARD = gnu99;
				GCC_NO_COMMON_BLOCKS = YES;
				GCC_WARN_64_TO_32_BIT_CONVERSION = YES;
				GCC_WARN_ABOUT_RETURN_TYPE = YES_ERROR;
				GCC_WARN_UNDECLARED_SELECTOR = YES;
				GCC_WARN_UNINITIALIZED_AUTOS = YES_AGGRESSIVE;
				GCC_WARN_UNUSED_FUNCTION = YES;
				GCC_WARN_UNUSED_VARIABLE = YES;
				IPHONEOS_DEPLOYMENT_TARGET = 9.3;
				MTL_ENABLE_DEBUG_INFO = NO;
				SDKROOT = iphoneos;
				TARGETED_DEVICE_FAMILY = "1,2";
				VALIDATE_PRODUCT = YES;
			};
			name = Release;
		};
		E3D69C501D360EE70015B141 /* Debug */ = {
			isa = XCBuildConfiguration;
			baseConfigurationReference = 4072E30749AE2FD4E400A916 /* Pods-WJAccordionView.debug.xcconfig */;
			buildSettings = {
				ASSETCATALOG_COMPILER_APPICON_NAME = AppIcon;
				INFOPLIST_FILE = WJAccordionView/Info.plist;
				LD_RUNPATH_SEARCH_PATHS = "$(inherited) @executable_path/Frameworks";
				PRODUCT_BUNDLE_IDENTIFIER = com.willyjansen.WJAccordionView;
				PRODUCT_NAME = "$(TARGET_NAME)";
			};
			name = Debug;
		};
		E3D69C511D360EE70015B141 /* Release */ = {
			isa = XCBuildConfiguration;
			baseConfigurationReference = 47E443CF7E40718A9C8B7DDD /* Pods-WJAccordionView.release.xcconfig */;
			buildSettings = {
				ASSETCATALOG_COMPILER_APPICON_NAME = AppIcon;
				INFOPLIST_FILE = WJAccordionView/Info.plist;
				LD_RUNPATH_SEARCH_PATHS = "$(inherited) @executable_path/Frameworks";
				PRODUCT_BUNDLE_IDENTIFIER = com.willyjansen.WJAccordionView;
				PRODUCT_NAME = "$(TARGET_NAME)";
			};
			name = Release;
		};
/* End XCBuildConfiguration section */

/* Begin XCConfigurationList section */
		E3D69C381D360EE70015B141 /* Build configuration list for PBXProject "WJAccordionView" */ = {
			isa = XCConfigurationList;
			buildConfigurations = (
				E3D69C4D1D360EE70015B141 /* Debug */,
				E3D69C4E1D360EE70015B141 /* Release */,
			);
			defaultConfigurationIsVisible = 0;
			defaultConfigurationName = Release;
		};
		E3D69C4F1D360EE70015B141 /* Build configuration list for PBXNativeTarget "WJAccordionView" */ = {
			isa = XCConfigurationList;
			buildConfigurations = (
				E3D69C501D360EE70015B141 /* Debug */,
				E3D69C511D360EE70015B141 /* Release */,
			);
			defaultConfigurationIsVisible = 0;
			defaultConfigurationName = Release;
		};
/* End XCConfigurationList section */
	};
	rootObject = E3D69C351D360EE70015B141 /* Project object */;
}
